// !$*UTF8*$!
{
	archiveVersion = 1;
	classes = {
	};
	objectVersion = 56;
	objects = {

/* Begin PBXBuildFile section */
		DE35B8432A6FB049005ACF3E /* NewWordList.swift in Sources */ = {isa = PBXBuildFile; fileRef = DE35B8422A6FB049005ACF3E /* NewWordList.swift */; };
		DE683E472A6A0F2B00DE3C29 /* AutoLayoutPractice.storyboard in Resources */ = {isa = PBXBuildFile; fileRef = DE683E462A6A0F2B00DE3C29 /* AutoLayoutPractice.storyboard */; };
		DE683E492A6A10E300DE3C29 /* AutoLayoutExample.storyboard in Resources */ = {isa = PBXBuildFile; fileRef = DE683E482A6A10E300DE3C29 /* AutoLayoutExample.storyboard */; };
		DE683E4B2A6A4AFA00DE3C29 /* NewWordViewController.swift in Sources */ = {isa = PBXBuildFile; fileRef = DE683E4A2A6A4AFA00DE3C29 /* NewWordViewController.swift */; };
		DED2FD2D2A6D6CFE00995C2E /* KaKaoCloneViewController.swift in Sources */ = {isa = PBXBuildFile; fileRef = DED2FD2C2A6D6CFE00995C2E /* KaKaoCloneViewController.swift */; };
		DED2FD2F2A6D6D1100995C2E /* MusicCloneViewController.swift in Sources */ = {isa = PBXBuildFile; fileRef = DED2FD2E2A6D6D1100995C2E /* MusicCloneViewController.swift */; };
		DED2FD312A6D6D1E00995C2E /* BaeminMainViewController.swift in Sources */ = {isa = PBXBuildFile; fileRef = DED2FD302A6D6D1E00995C2E /* BaeminMainViewController.swift */; };
		DEE27CE72A68DAD800FF163F /* AppDelegate.swift in Sources */ = {isa = PBXBuildFile; fileRef = DEE27CE62A68DAD800FF163F /* AppDelegate.swift */; };
		DEE27CE92A68DAD800FF163F /* SceneDelegate.swift in Sources */ = {isa = PBXBuildFile; fileRef = DEE27CE82A68DAD800FF163F /* SceneDelegate.swift */; };
		DEE27CEB2A68DAD800FF163F /* ViewController.swift in Sources */ = {isa = PBXBuildFile; fileRef = DEE27CEA2A68DAD800FF163F /* ViewController.swift */; };
		DEE27CEE2A68DAD800FF163F /* Main.storyboard in Resources */ = {isa = PBXBuildFile; fileRef = DEE27CEC2A68DAD800FF163F /* Main.storyboard */; };
		DEE27CF02A68DADA00FF163F /* Assets.xcassets in Resources */ = {isa = PBXBuildFile; fileRef = DEE27CEF2A68DADA00FF163F /* Assets.xcassets */; };
		DEE27CF32A68DADA00FF163F /* LaunchScreen.storyboard in Resources */ = {isa = PBXBuildFile; fileRef = DEE27CF12A68DADA00FF163F /* LaunchScreen.storyboard */; };
		DEE27CFB2A68DC6500FF163F /* DateViewController.swift in Sources */ = {isa = PBXBuildFile; fileRef = DEE27CFA2A68DC6500FF163F /* DateViewController.swift */; };
/* End PBXBuildFile section */

/* Begin PBXFileReference section */
		DE35B8422A6FB049005ACF3E /* NewWordList.swift */ = {isa = PBXFileReference; lastKnownFileType = sourcecode.swift; path = NewWordList.swift; sourceTree = "<group>"; };
		DE683E462A6A0F2B00DE3C29 /* AutoLayoutPractice.storyboard */ = {isa = PBXFileReference; lastKnownFileType = file.storyboard; path = AutoLayoutPractice.storyboard; sourceTree = "<group>"; };
		DE683E482A6A10E300DE3C29 /* AutoLayoutExample.storyboard */ = {isa = PBXFileReference; lastKnownFileType = file.storyboard; path = AutoLayoutExample.storyboard; sourceTree = "<group>"; };
		DE683E4A2A6A4AFA00DE3C29 /* NewWordViewController.swift */ = {isa = PBXFileReference; lastKnownFileType = sourcecode.swift; path = NewWordViewController.swift; sourceTree = SOURCE_ROOT; };
		DED2FD2C2A6D6CFE00995C2E /* KaKaoCloneViewController.swift */ = {isa = PBXFileReference; lastKnownFileType = sourcecode.swift; path = KaKaoCloneViewController.swift; sourceTree = "<group>"; };
		DED2FD2E2A6D6D1100995C2E /* MusicCloneViewController.swift */ = {isa = PBXFileReference; lastKnownFileType = sourcecode.swift; path = MusicCloneViewController.swift; sourceTree = "<group>"; };
		DED2FD302A6D6D1E00995C2E /* BaeminMainViewController.swift */ = {isa = PBXFileReference; lastKnownFileType = sourcecode.swift; path = BaeminMainViewController.swift; sourceTree = "<group>"; };
		DEE27CE32A68DAD800FF163F /* NewWordDIct.app */ = {isa = PBXFileReference; explicitFileType = wrapper.application; includeInIndex = 0; path = NewWordDIct.app; sourceTree = BUILT_PRODUCTS_DIR; };
		DEE27CE62A68DAD800FF163F /* AppDelegate.swift */ = {isa = PBXFileReference; lastKnownFileType = sourcecode.swift; path = AppDelegate.swift; sourceTree = "<group>"; };
		DEE27CE82A68DAD800FF163F /* SceneDelegate.swift */ = {isa = PBXFileReference; lastKnownFileType = sourcecode.swift; path = SceneDelegate.swift; sourceTree = "<group>"; };
		DEE27CEA2A68DAD800FF163F /* ViewController.swift */ = {isa = PBXFileReference; lastKnownFileType = sourcecode.swift; path = ViewController.swift; sourceTree = "<group>"; };
		DEE27CED2A68DAD800FF163F /* Base */ = {isa = PBXFileReference; lastKnownFileType = file.storyboard; name = Base; path = Base.lproj/Main.storyboard; sourceTree = "<group>"; };
		DEE27CEF2A68DADA00FF163F /* Assets.xcassets */ = {isa = PBXFileReference; lastKnownFileType = folder.assetcatalog; path = Assets.xcassets; sourceTree = "<group>"; };
		DEE27CF22A68DADA00FF163F /* Base */ = {isa = PBXFileReference; lastKnownFileType = file.storyboard; name = Base; path = Base.lproj/LaunchScreen.storyboard; sourceTree = "<group>"; };
		DEE27CF42A68DADA00FF163F /* Info.plist */ = {isa = PBXFileReference; lastKnownFileType = text.plist.xml; path = Info.plist; sourceTree = "<group>"; };
		DEE27CFA2A68DC6500FF163F /* DateViewController.swift */ = {isa = PBXFileReference; lastKnownFileType = sourcecode.swift; path = DateViewController.swift; sourceTree = "<group>"; };
/* End PBXFileReference section */

/* Begin PBXFrameworksBuildPhase section */
		DEE27CE02A68DAD800FF163F /* Frameworks */ = {
			isa = PBXFrameworksBuildPhase;
			buildActionMask = 2147483647;
			files = (
			);
			runOnlyForDeploymentPostprocessing = 0;
		};
/* End PBXFrameworksBuildPhase section */

/* Begin PBXGroup section */
		DE683E452A6A0BF000DE3C29 /* App */ = {
			isa = PBXGroup;
			children = (
				DE683E4A2A6A4AFA00DE3C29 /* NewWordViewController.swift */,
				DE35B8422A6FB049005ACF3E /* NewWordList.swift */,
				DE683E482A6A10E300DE3C29 /* AutoLayoutExample.storyboard */,
				DED2FD2C2A6D6CFE00995C2E /* KaKaoCloneViewController.swift */,
				DED2FD2E2A6D6D1100995C2E /* MusicCloneViewController.swift */,
				DE683E462A6A0F2B00DE3C29 /* AutoLayoutPractice.storyboard */,
				DED2FD302A6D6D1E00995C2E /* BaeminMainViewController.swift */,
			);
			path = App;
			sourceTree = "<group>";
		};
		DEE27CDA2A68DAD800FF163F = {
			isa = PBXGroup;
			children = (
				DEE27CE52A68DAD800FF163F /* NewWordDIct */,
				DEE27CE42A68DAD800FF163F /* Products */,
			);
			sourceTree = "<group>";
		};
		DEE27CE42A68DAD800FF163F /* Products */ = {
			isa = PBXGroup;
			children = (
				DEE27CE32A68DAD800FF163F /* NewWordDIct.app */,
			);
			name = Products;
			sourceTree = "<group>";
		};
		DEE27CE52A68DAD800FF163F /* NewWordDIct */ = {
			isa = PBXGroup;
			children = (
				DEE27CE82A68DAD800FF163F /* SceneDelegate.swift */,
				DEE27CE62A68DAD800FF163F /* AppDelegate.swift */,
				DE683E452A6A0BF000DE3C29 /* App */,
				DEE27CEA2A68DAD800FF163F /* ViewController.swift */,
				DEE27CFA2A68DC6500FF163F /* DateViewController.swift */,
				DEE27CEC2A68DAD800FF163F /* Main.storyboard */,
				DEE27CEF2A68DADA00FF163F /* Assets.xcassets */,
				DEE27CF12A68DADA00FF163F /* LaunchScreen.storyboard */,
				DEE27CF42A68DADA00FF163F /* Info.plist */,
			);
			path = NewWordDIct;
			sourceTree = "<group>";
		};
/* End PBXGroup section */

/* Begin PBXNativeTarget section */
		DEE27CE22A68DAD800FF163F /* NewWordDIct */ = {
			isa = PBXNativeTarget;
			buildConfigurationList = DEE27CF72A68DADA00FF163F /* Build configuration list for PBXNativeTarget "NewWordDIct" */;
			buildPhases = (
				DEE27CDF2A68DAD800FF163F /* Sources */,
				DEE27CE02A68DAD800FF163F /* Frameworks */,
				DEE27CE12A68DAD800FF163F /* Resources */,
			);
			buildRules = (
			);
			dependencies = (
			);
			name = NewWordDIct;
			productName = NewWordDIct;
			productReference = DEE27CE32A68DAD800FF163F /* NewWordDIct.app */;
			productType = "com.apple.product-type.application";
		};
/* End PBXNativeTarget section */

/* Begin PBXProject section */
		DEE27CDB2A68DAD800FF163F /* Project object */ = {
			isa = PBXProject;
			attributes = {
				BuildIndependentTargetsInParallel = 1;
				LastSwiftUpdateCheck = 1430;
				LastUpgradeCheck = 1430;
				TargetAttributes = {
					DEE27CE22A68DAD800FF163F = {
						CreatedOnToolsVersion = 14.3.1;
					};
				};
			};
			buildConfigurationList = DEE27CDE2A68DAD800FF163F /* Build configuration list for PBXProject "NewWordDIct" */;
			compatibilityVersion = "Xcode 14.0";
			developmentRegion = en;
			hasScannedForEncodings = 0;
			knownRegions = (
				en,
				Base,
			);
			mainGroup = DEE27CDA2A68DAD800FF163F;
			productRefGroup = DEE27CE42A68DAD800FF163F /* Products */;
			projectDirPath = "";
			projectRoot = "";
			targets = (
				DEE27CE22A68DAD800FF163F /* NewWordDIct */,
			);
		};
/* End PBXProject section */

/* Begin PBXResourcesBuildPhase section */
		DEE27CE12A68DAD800FF163F /* Resources */ = {
			isa = PBXResourcesBuildPhase;
			buildActionMask = 2147483647;
			files = (
				DEE27CF32A68DADA00FF163F /* LaunchScreen.storyboard in Resources */,
				DEE27CF02A68DADA00FF163F /* Assets.xcassets in Resources */,
				DE683E492A6A10E300DE3C29 /* AutoLayoutExample.storyboard in Resources */,
				DE683E472A6A0F2B00DE3C29 /* AutoLayoutPractice.storyboard in Resources */,
				DEE27CEE2A68DAD800FF163F /* Main.storyboard in Resources */,
			);
			runOnlyForDeploymentPostprocessing = 0;
		};
/* End PBXResourcesBuildPhase section */

/* Begin PBXSourcesBuildPhase section */
		DEE27CDF2A68DAD800FF163F /* Sources */ = {
			isa = PBXSourcesBuildPhase;
			buildActionMask = 2147483647;
			files = (
				DED2FD2F2A6D6D1100995C2E /* MusicCloneViewController.swift in Sources */,
				DED2FD312A6D6D1E00995C2E /* BaeminMainViewController.swift in Sources */,
				DED2FD2D2A6D6CFE00995C2E /* KaKaoCloneViewController.swift in Sources */,
				DEE27CFB2A68DC6500FF163F /* DateViewController.swift in Sources */,
				DEE27CEB2A68DAD800FF163F /* ViewController.swift in Sources */,
				DE683E4B2A6A4AFA00DE3C29 /* NewWordViewController.swift in Sources */,
				DE35B8432A6FB049005ACF3E /* NewWordList.swift in Sources */,
				DEE27CE72A68DAD800FF163F /* AppDelegate.swift in Sources */,
				DEE27CE92A68DAD800FF163F /* SceneDelegate.swift in Sources */,
			);
			runOnlyForDeploymentPostprocessing = 0;
		};
/* End PBXSourcesBuildPhase section */

/* Begin PBXVariantGroup section */
		DEE27CEC2A68DAD800FF163F /* Main.storyboard */ = {
			isa = PBXVariantGroup;
			children = (
				DEE27CED2A68DAD800FF163F /* Base */,
			);
			name = Main.storyboard;
			sourceTree = "<group>";
		};
		DEE27CF12A68DADA00FF163F /* LaunchScreen.storyboard */ = {
			isa = PBXVariantGroup;
			children = (
				DEE27CF22A68DADA00FF163F /* Base */,
			);
			name = LaunchScreen.storyboard;
			sourceTree = "<group>";
		};
/* End PBXVariantGroup section */

/* Begin XCBuildConfiguration section */
		DEE27CF52A68DADA00FF163F /* Debug */ = {
			isa = XCBuildConfiguration;
			buildSettings = {
				ALWAYS_SEARCH_USER_PATHS = NO;
				CLANG_ANALYZER_NONNULL = YES;
				CLANG_ANALYZER_NUMBER_OBJECT_CONVERSION = YES_AGGRESSIVE;
				CLANG_CXX_LANGUAGE_STANDARD = "gnu++20";
				CLANG_ENABLE_MODULES = YES;
				CLANG_ENABLE_OBJC_ARC = YES;
				CLANG_ENABLE_OBJC_WEAK = YES;
				CLANG_WARN_BLOCK_CAPTURE_AUTORELEASING = YES;
				CLANG_WARN_BOOL_CONVERSION = YES;
				CLANG_WARN_COMMA = YES;
				CLANG_WARN_CONSTANT_CONVERSION = YES;
				CLANG_WARN_DEPRECATED_OBJC_IMPLEMENTATIONS = YES;
				CLANG_WARN_DIRECT_OBJC_ISA_USAGE = YES_ERROR;
				CLANG_WARN_DOCUMENTATION_COMMENTS = YES;
				CLANG_WARN_EMPTY_BODY = YES;
				CLANG_WARN_ENUM_CONVERSION = YES;
				CLANG_WARN_INFINITE_RECURSION = YES;
				CLANG_WARN_INT_CONVERSION = YES;
				CLANG_WARN_NON_LITERAL_NULL_CONVERSION = YES;
				CLANG_WARN_OBJC_IMPLICIT_RETAIN_SELF = YES;
				CLANG_WARN_OBJC_LITERAL_CONVERSION = YES;
				CLANG_WARN_OBJC_ROOT_CLASS = YES_ERROR;
				CLANG_WARN_QUOTED_INCLUDE_IN_FRAMEWORK_HEADER = YES;
				CLANG_WARN_RANGE_LOOP_ANALYSIS = YES;
				CLANG_WARN_STRICT_PROTOTYPES = YES;
				CLANG_WARN_SUSPICIOUS_MOVE = YES;
				CLANG_WARN_UNGUARDED_AVAILABILITY = YES_AGGRESSIVE;
				CLANG_WARN_UNREACHABLE_CODE = YES;
				CLANG_WARN__DUPLICATE_METHOD_MATCH = YES;
				COPY_PHASE_STRIP = NO;
				DEBUG_INFORMATION_FORMAT = dwarf;
				ENABLE_STRICT_OBJC_MSGSEND = YES;
				ENABLE_TESTABILITY = YES;
				GCC_C_LANGUAGE_STANDARD = gnu11;
				GCC_DYNAMIC_NO_PIC = NO;
				GCC_NO_COMMON_BLOCKS = YES;
				GCC_OPTIMIZATION_LEVEL = 0;
				GCC_PREPROCESSOR_DEFINITIONS = (
					"DEBUG=1",
					"$(inherited)",
				);
				GCC_WARN_64_TO_32_BIT_CONVERSION = YES;
				GCC_WARN_ABOUT_RETURN_TYPE = YES_ERROR;
				GCC_WARN_UNDECLARED_SELECTOR = YES;
				GCC_WARN_UNINITIALIZED_AUTOS = YES_AGGRESSIVE;
				GCC_WARN_UNUSED_FUNCTION = YES;
				GCC_WARN_UNUSED_VARIABLE = YES;
				IPHONEOS_DEPLOYMENT_TARGET = 16.4;
				MTL_ENABLE_DEBUG_INFO = INCLUDE_SOURCE;
				MTL_FAST_MATH = YES;
				ONLY_ACTIVE_ARCH = YES;
				SDKROOT = iphoneos;
				SWIFT_ACTIVE_COMPILATION_CONDITIONS = DEBUG;
				SWIFT_OPTIMIZATION_LEVEL = "-Onone";
			};
			name = Debug;
		};
		DEE27CF62A68DADA00FF163F /* Release */ = {
			isa = XCBuildConfiguration;
			buildSettings = {
				ALWAYS_SEARCH_USER_PATHS = NO;
				CLANG_ANALYZER_NONNULL = YES;
				CLANG_ANALYZER_NUMBER_OBJECT_CONVERSION = YES_AGGRESSIVE;
				CLANG_CXX_LANGUAGE_STANDARD = "gnu++20";
				CLANG_ENABLE_MODULES = YES;
				CLANG_ENABLE_OBJC_ARC = YES;
				CLANG_ENABLE_OBJC_WEAK = YES;
				CLANG_WARN_BLOCK_CAPTURE_AUTORELEASING = YES;
				CLANG_WARN_BOOL_CONVERSION = YES;
				CLANG_WARN_COMMA = YES;
				CLANG_WARN_CONSTANT_CONVERSION = YES;
				CLANG_WARN_DEPRECATED_OBJC_IMPLEMENTATIONS = YES;
				CLANG_WARN_DIRECT_OBJC_ISA_USAGE = YES_ERROR;
				CLANG_WARN_DOCUMENTATION_COMMENTS = YES;
				CLANG_WARN_EMPTY_BODY = YES;
				CLANG_WARN_ENUM_CONVERSION = YES;
				CLANG_WARN_INFINITE_RECURSION = YES;
				CLANG_WARN_INT_CONVERSION = YES;
				CLANG_WARN_NON_LITERAL_NULL_CONVERSION = YES;
				CLANG_WARN_OBJC_IMPLICIT_RETAIN_SELF = YES;
				CLANG_WARN_OBJC_LITERAL_CONVERSION = YES;
				CLANG_WARN_OBJC_ROOT_CLASS = YES_ERROR;
				CLANG_WARN_QUOTED_INCLUDE_IN_FRAMEWORK_HEADER = YES;
				CLANG_WARN_RANGE_LOOP_ANALYSIS = YES;
				CLANG_WARN_STRICT_PROTOTYPES = YES;
				CLANG_WARN_SUSPICIOUS_MOVE = YES;
				CLANG_WARN_UNGUARDED_AVAILABILITY = YES_AGGRESSIVE;
				CLANG_WARN_UNREACHABLE_CODE = YES;
				CLANG_WARN__DUPLICATE_METHOD_MATCH = YES;
				COPY_PHASE_STRIP = NO;
				DEBUG_INFORMATION_FORMAT = "dwarf-with-dsym";
				ENABLE_NS_ASSERTIONS = NO;
				ENABLE_STRICT_OBJC_MSGSEND = YES;
				GCC_C_LANGUAGE_STANDARD = gnu11;
				GCC_NO_COMMON_BLOCKS = YES;
				GCC_WARN_64_TO_32_BIT_CONVERSION = YES;
				GCC_WARN_ABOUT_RETURN_TYPE = YES_ERROR;
				GCC_WARN_UNDECLARED_SELECTOR = YES;
				GCC_WARN_UNINITIALIZED_AUTOS = YES_AGGRESSIVE;
				GCC_WARN_UNUSED_FUNCTION = YES;
				GCC_WARN_UNUSED_VARIABLE = YES;
				IPHONEOS_DEPLOYMENT_TARGET = 16.4;
				MTL_ENABLE_DEBUG_INFO = NO;
				MTL_FAST_MATH = YES;
				SDKROOT = iphoneos;
				SWIFT_COMPILATION_MODE = wholemodule;
				SWIFT_OPTIMIZATION_LEVEL = "-O";
				VALIDATE_PRODUCT = YES;
			};
			name = Release;
		};
		DEE27CF82A68DADA00FF163F /* Debug */ = {
			isa = XCBuildConfiguration;
			buildSettings = {
				ASSETCATALOG_COMPILER_APPICON_NAME = AppIcon;
				ASSETCATALOG_COMPILER_GLOBAL_ACCENT_COLOR_NAME = AccentColor;
				CODE_SIGN_STYLE = Automatic;
				CURRENT_PROJECT_VERSION = 1;
				DEVELOPMENT_TEAM = AYG8MBJF93;
				GENERATE_INFOPLIST_FILE = YES;
				INFOPLIST_FILE = NewWordDIct/Info.plist;
				INFOPLIST_KEY_UIApplicationSupportsIndirectInputEvents = YES;
				INFOPLIST_KEY_UILaunchStoryboardName = LaunchScreen;
				INFOPLIST_KEY_UIMainStoryboardFile = Main;
				INFOPLIST_KEY_UISupportedInterfaceOrientations_iPad = "UIInterfaceOrientationPortrait UIInterfaceOrientationPortraitUpsideDown UIInterfaceOrientationLandscapeLeft UIInterfaceOrientationLandscapeRight";
				INFOPLIST_KEY_UISupportedInterfaceOrientations_iPhone = "UIInterfaceOrientationPortrait UIInterfaceOrientationLandscapeLeft UIInterfaceOrientationLandscapeRight";
				IPHONEOS_DEPLOYMENT_TARGET = 13.0;
				LD_RUNPATH_SEARCH_PATHS = (
					"$(inherited)",
					"@executable_path/Frameworks",
				);
				MARKETING_VERSION = 1.0;
				PRODUCT_BUNDLE_IDENTIFIER = "ILWAT-com.github.NewWordDIct";
				PRODUCT_NAME = "$(TARGET_NAME)";
				SUPPORTED_PLATFORMS = "iphoneos iphonesimulator";
				SUPPORTS_MACCATALYST = NO;
				SUPPORTS_MAC_DESIGNED_FOR_IPHONE_IPAD = NO;
				SWIFT_EMIT_LOC_STRINGS = YES;
				SWIFT_VERSION = 5.0;
				TARGETED_DEVICE_FAMILY = 1;
			};
			name = Debug;
		};
		DEE27CF92A68DADA00FF163F /* Release */ = {
			isa = XCBuildConfiguration;
			buildSettings = {
				ASSETCATALOG_COMPILER_APPICON_NAME = AppIcon;
				ASSETCATALOG_COMPILER_GLOBAL_ACCENT_COLOR_NAME = AccentColor;
				CODE_SIGN_STYLE = Automatic;
				CURRENT_PROJECT_VERSION = 1;
				DEVELOPMENT_TEAM = AYG8MBJF93;
				GENERATE_INFOPLIST_FILE = YES;
				INFOPLIST_FILE = NewWordDIct/Info.plist;
				INFOPLIST_KEY_UIApplicationSupportsIndirectInputEvents = YES;
				INFOPLIST_KEY_UILaunchStoryboardName = LaunchScreen;
				INFOPLIST_KEY_UIMainStoryboardFile = Main;
				INFOPLIST_KEY_UISupportedInterfaceOrientations_iPad = "UIInterfaceOrientationPortrait UIInterfaceOrientationPortraitUpsideDown UIInterfaceOrientationLandscapeLeft UIInterfaceOrientationLandscapeRight";
				INFOPLIST_KEY_UISupportedInterfaceOrientations_iPhone = "UIInterfaceOrientationPortrait UIInterfaceOrientationLandscapeLeft UIInterfaceOrientationLandscapeRight";
				IPHONEOS_DEPLOYMENT_TARGET = 13.0;
				LD_RUNPATH_SEARCH_PATHS = (
					"$(inherited)",
					"@executable_path/Frameworks",
				);
				MARKETING_VERSION = 1.0;
				PRODUCT_BUNDLE_IDENTIFIER = "ILWAT-com.github.NewWordDIct";
				PRODUCT_NAME = "$(TARGET_NAME)";
				SUPPORTED_PLATFORMS = "iphoneos iphonesimulator";
				SUPPORTS_MACCATALYST = NO;
				SUPPORTS_MAC_DESIGNED_FOR_IPHONE_IPAD = NO;
				SWIFT_EMIT_LOC_STRINGS = YES;
				SWIFT_VERSION = 5.0;
				TARGETED_DEVICE_FAMILY = 1;
			};
			name = Release;
		};
/* End XCBuildConfiguration section */

/* Begin XCConfigurationList section */
		DEE27CDE2A68DAD800FF163F /* Build configuration list for PBXProject "NewWordDIct" */ = {
			isa = XCConfigurationList;
			buildConfigurations = (
				DEE27CF52A68DADA00FF163F /* Debug */,
				DEE27CF62A68DADA00FF163F /* Release */,
			);
			defaultConfigurationIsVisible = 0;
			defaultConfigurationName = Release;
		};
		DEE27CF72A68DADA00FF163F /* Build configuration list for PBXNativeTarget "NewWordDIct" */ = {
			isa = XCConfigurationList;
			buildConfigurations = (
				DEE27CF82A68DADA00FF163F /* Debug */,
				DEE27CF92A68DADA00FF163F /* Release */,
			);
			defaultConfigurationIsVisible = 0;
			defaultConfigurationName = Release;
		};
/* End XCConfigurationList section */
	};
	rootObject = DEE27CDB2A68DAD800FF163F /* Project object */;
}
